
Microsoft Visual Studio Solution File, Format Version 12.00
# Visual Studio 15
VisualStudioVersion = 15.0.26430.6
MinimumVisualStudioVersion = 10.0.40219.1
Project("{FAE04EC0-301F-11D3-BF4B-00C04F79EFBC}") = "DEV-1", "DEV-1\DEV-1.csproj", "{3B0BB452-789E-4E13-8CC1-CBCFCF5F1E1E}"
EndProject
Project("{FAE04EC0-301F-11D3-BF4B-00C04F79EFBC}") = "UnitTest1", "UnitTest1\UnitTest1.csproj", "{115C3531-5C2C-4941-A475-43AE49FF23A4}"
EndProject
Global
	GlobalSection(SolutionConfigurationPlatforms) = preSolution
		Debug|Any CPU = Debug|Any CPU
		Release|Any CPU = Release|Any CPU
	EndGlobalSection
	GlobalSection(ProjectConfigurationPlatforms) = postSolution
		{3B0BB452-789E-4E13-8CC1-CBCFCF5F1E1E}.Debug|Any CPU.ActiveCfg = Debug|Any CPU
		{3B0BB452-789E-4E13-8CC1-CBCFCF5F1E1E}.Debug|Any CPU.Build.0 = Debug|Any CPU
		{3B0BB452-789E-4E13-8CC1-CBCFCF5F1E1E}.Release|Any CPU.ActiveCfg = Release|Any CPU
		{3B0BB452-789E-4E13-8CC1-CBCFCF5F1E1E}.Release|Any CPU.Build.0 = Release|Any CPU
		{115C3531-5C2C-4941-A475-43AE49FF23A4}.Debug|Any CPU.ActiveCfg = Debug|Any CPU
		{115C3531-5C2C-4941-A475-43AE49FF23A4}.Debug|Any CPU.Build.0 = Debug|Any CPU
		{115C3531-5C2C-4941-A475-43AE49FF23A4}.Release|Any CPU.ActiveCfg = Release|Any CPU
		{115C3531-5C2C-4941-A475-43AE49FF23A4}.Release|Any CPU.Build.0 = Release|Any CPU
	EndGlobalSection
	GlobalSection(SolutionProperties) = preSolution
		HideSolutionNode = FALSE
	EndGlobalSection
EndGlobal
